// !$*UTF8*$!
{
	archiveVersion = 1;
	classes = {
	};
	objectVersion = 56;
	objects = {

/* Begin PBXBuildFile section */
		5DC089382A3B3A3F009F1788 /* AppDelegate.m in Sources */ = {isa = PBXBuildFile; fileRef = 5DC089372A3B3A3F009F1788 /* AppDelegate.m */; };
		5DC0893B2A3B3A3F009F1788 /* SceneDelegate.m in Sources */ = {isa = PBXBuildFile; fileRef = 5DC0893A2A3B3A3F009F1788 /* SceneDelegate.m */; };
		5DC0893E2A3B3A3F009F1788 /* ViewController.m in Sources */ = {isa = PBXBuildFile; fileRef = 5DC0893D2A3B3A3F009F1788 /* ViewController.m */; };
		5DC089412A3B3A3F009F1788 /* Main.storyboard in Resources */ = {isa = PBXBuildFile; fileRef = 5DC0893F2A3B3A3F009F1788 /* Main.storyboard */; };
		5DC089432A3B3A41009F1788 /* Assets.xcassets in Resources */ = {isa = PBXBuildFile; fileRef = 5DC089422A3B3A41009F1788 /* Assets.xcassets */; };
		5DC089462A3B3A41009F1788 /* LaunchScreen.storyboard in Resources */ = {isa = PBXBuildFile; fileRef = 5DC089442A3B3A41009F1788 /* LaunchScreen.storyboard */; };
		5DC089492A3B3A41009F1788 /* main.m in Sources */ = {isa = PBXBuildFile; fileRef = 5DC089482A3B3A41009F1788 /* main.m */; };
/* End PBXBuildFile section */

/* Begin PBXFileReference section */
		5DC089332A3B3A3F009F1788 /* ThreadKeepAlivePro.app */ = {isa = PBXFileReference; explicitFileType = wrapper.application; includeInIndex = 0; path = ThreadKeepAlivePro.app; sourceTree = BUILT_PRODUCTS_DIR; };
		5DC089362A3B3A3F009F1788 /* AppDelegate.h */ = {isa = PBXFileReference; lastKnownFileType = sourcecode.c.h; path = AppDelegate.h; sourceTree = "<group>"; };
		5DC089372A3B3A3F009F1788 /* AppDelegate.m */ = {isa = PBXFileReference; lastKnownFileType = sourcecode.c.objc; path = AppDelegate.m; sourceTree = "<group>"; };
		5DC089392A3B3A3F009F1788 /* SceneDelegate.h */ = {isa = PBXFileReference; lastKnownFileType = sourcecode.c.h; path = SceneDelegate.h; sourceTree = "<group>"; };
		5DC0893A2A3B3A3F009F1788 /* SceneDelegate.m */ = {isa = PBXFileReference; lastKnownFileType = sourcecode.c.objc; path = SceneDelegate.m; sourceTree = "<group>"; };
		5DC0893C2A3B3A3F009F1788 /* ViewController.h */ = {isa = PBXFileReference; lastKnownFileType = sourcecode.c.h; path = ViewController.h; sourceTree = "<group>"; };
		5DC0893D2A3B3A3F009F1788 /* ViewController.m */ = {isa = PBXFileReference; lastKnownFileType = sourcecode.c.objc; path = ViewController.m; sourceTree = "<group>"; };
		5DC089402A3B3A3F009F1788 /* Base */ = {isa = PBXFileReference; lastKnownFileType = file.storyboard; name = Base; path = Base.lproj/Main.storyboard; sourceTree = "<group>"; };
		5DC089422A3B3A41009F1788 /* Assets.xcassets */ = {isa = PBXFileReference; lastKnownFileType = folder.assetcatalog; path = Assets.xcassets; sourceTree = "<group>"; };
		5DC089452A3B3A41009F1788 /* Base */ = {isa = PBXFileReference; lastKnownFileType = file.storyboard; name = Base; path = Base.lproj/LaunchScreen.storyboard; sourceTree = "<group>"; };
		5DC089472A3B3A41009F1788 /* Info.plist */ = {isa = PBXFileReference; lastKnownFileType = text.plist.xml; path = Info.plist; sourceTree = "<group>"; };
		5DC089482A3B3A41009F1788 /* main.m */ = {isa = PBXFileReference; lastKnownFileType = sourcecode.c.objc; path = main.m; sourceTree = "<group>"; };
/* End PBXFileReference section */

/* Begin PBXFrameworksBuildPhase section */
		5DC089302A3B3A3F009F1788 /* Frameworks */ = {
			isa = PBXFrameworksBuildPhase;
			buildActionMask = 2147483647;
			files = (
			);
			runOnlyForDeploymentPostprocessing = 0;
		};
/* End PBXFrameworksBuildPhase section */

/* Begin PBXGroup section */
		5DC0892A2A3B3A3F009F1788 = {
			isa = PBXGroup;
			children = (
				5DC089352A3B3A3F009F1788 /* ThreadKeepAlivePro */,
				5DC089342A3B3A3F009F1788 /* Products */,
			);
			sourceTree = "<group>";
		};
		5DC089342A3B3A3F009F1788 /* Products */ = {
			isa = PBXGroup;
			children = (
				5DC089332A3B3A3F009F1788 /* ThreadKeepAlivePro.app */,
			);
			name = Products;
			sourceTree = "<group>";
		};
		5DC089352A3B3A3F009F1788 /* ThreadKeepAlivePro */ = {
			isa = PBXGroup;
			children = (
				5DC089362A3B3A3F009F1788 /* AppDelegate.h */,
				5DC089372A3B3A3F009F1788 /* AppDelegate.m */,
				5DC089392A3B3A3F009F1788 /* SceneDelegate.h */,
				5DC0893A2A3B3A3F009F1788 /* SceneDelegate.m */,
				5DC0893C2A3B3A3F009F1788 /* ViewController.h */,
				5DC0893D2A3B3A3F009F1788 /* ViewController.m */,
				5DC0893F2A3B3A3F009F1788 /* Main.storyboard */,
				5DC089422A3B3A41009F1788 /* Assets.xcassets */,
				5DC089442A3B3A41009F1788 /* LaunchScreen.storyboard */,
				5DC089472A3B3A41009F1788 /* Info.plist */,
				5DC089482A3B3A41009F1788 /* main.m */,
			);
			path = ThreadKeepAlivePro;
			sourceTree = "<group>";
		};
/* End PBXGroup section */

/* Begin PBXNativeTarget section */
		5DC089322A3B3A3F009F1788 /* ThreadKeepAlivePro */ = {
			isa = PBXNativeTarget;
			buildConfigurationList = 5DC0894C2A3B3A41009F1788 /* Build configuration list for PBXNativeTarget "ThreadKeepAlivePro" */;
			buildPhases = (
				5DC0892F2A3B3A3F009F1788 /* Sources */,
				5DC089302A3B3A3F009F1788 /* Frameworks */,
				5DC089312A3B3A3F009F1788 /* Resources */,
			);
			buildRules = (
			);
			dependencies = (
			);
			name = ThreadKeepAlivePro;
			productName = ThreadKeepAlivePro;
			productReference = 5DC089332A3B3A3F009F1788 /* ThreadKeepAlivePro.app */;
			productType = "com.apple.product-type.application";
		};
/* End PBXNativeTarget section */

/* Begin PBXProject section */
		5DC0892B2A3B3A3F009F1788 /* Project object */ = {
			isa = PBXProject;
			attributes = {
				BuildIndependentTargetsInParallel = 1;
				LastUpgradeCheck = 1430;
				TargetAttributes = {
					5DC089322A3B3A3F009F1788 = {
						CreatedOnToolsVersion = 14.3;
					};
				};
			};
			buildConfigurationList = 5DC0892E2A3B3A3F009F1788 /* Build configuration list for PBXProject "ThreadKeepAlivePro" */;
			compatibilityVersion = "Xcode 14.0";
			developmentRegion = en;
			hasScannedForEncodings = 0;
			knownRegions = (
				en,
				Base,
			);
			mainGroup = 5DC0892A2A3B3A3F009F1788;
			productRefGroup = 5DC089342A3B3A3F009F1788 /* Products */;
			projectDirPath = "";
			projectRoot = "";
			targets = (
				5DC089322A3B3A3F009F1788 /* ThreadKeepAlivePro */,
			);
		};
/* End PBXProject section */

/* Begin PBXResourcesBuildPhase section */
		5DC089312A3B3A3F009F1788 /* Resources */ = {
			isa = PBXResourcesBuildPhase;
			buildActionMask = 2147483647;
			files = (
				5DC089462A3B3A41009F1788 /* LaunchScreen.storyboard in Resources */,
				5DC089432A3B3A41009F1788 /* Assets.xcassets in Resources */,
				5DC089412A3B3A3F009F1788 /* Main.storyboard in Resources */,
			);
			runOnlyForDeploymentPostprocessing = 0;
		};
/* End PBXResourcesBuildPhase section */

/* Begin PBXSourcesBuildPhase section */
		5DC0892F2A3B3A3F009F1788 /* Sources */ = {
			isa = PBXSourcesBuildPhase;
			buildActionMask = 2147483647;
			files = (
				5DC0893E2A3B3A3F009F1788 /* ViewController.m in Sources */,
				5DC089382A3B3A3F009F1788 /* AppDelegate.m in Sources */,
				5DC089492A3B3A41009F1788 /* main.m in Sources */,
				5DC0893B2A3B3A3F009F1788 /* SceneDelegate.m in Sources */,
			);
			runOnlyForDeploymentPostprocessing = 0;
		};
/* End PBXSourcesBuildPhase section */

/* Begin PBXVariantGroup section */
		5DC0893F2A3B3A3F009F1788 /* Main.storyboard */ = {
			isa = PBXVariantGroup;
			children = (
				5DC089402A3B3A3F009F1788 /* Base */,
			);
			name = Main.storyboard;
			sourceTree = "<group>";
		};
		5DC089442A3B3A41009F1788 /* LaunchScreen.storyboard */ = {
			isa = PBXVariantGroup;
			children = (
				5DC089452A3B3A41009F1788 /* Base */,
			);
			name = LaunchScreen.storyboard;
			sourceTree = "<group>";
		};
/* End PBXVariantGroup section */

/* Begin XCBuildConfiguration section */
		5DC0894A2A3B3A41009F1788 /* Debug */ = {
			isa = XCBuildConfiguration;
			buildSettings = {
				ALWAYS_SEARCH_USER_PATHS = NO;
				CLANG_ANALYZER_NONNULL = YES;
				CLANG_ANALYZER_NUMBER_OBJECT_CONVERSION = YES_AGGRESSIVE;
				CLANG_CXX_LANGUAGE_STANDARD = "gnu++20";
				CLANG_ENABLE_MODULES = YES;
				CLANG_ENABLE_OBJC_ARC = YES;
				CLANG_ENABLE_OBJC_WEAK = YES;
				CLANG_WARN_BLOCK_CAPTURE_AUTORELEASING = YES;
				CLANG_WARN_BOOL_CONVERSION = YES;
				CLANG_WARN_COMMA = YES;
				CLANG_WARN_CONSTANT_CONVERSION = YES;
				CLANG_WARN_DEPRECATED_OBJC_IMPLEMENTATIONS = YES;
				CLANG_WARN_DIRECT_OBJC_ISA_USAGE = YES_ERROR;
				CLANG_WARN_DOCUMENTATION_COMMENTS = YES;
				CLANG_WARN_EMPTY_BODY = YES;
				CLANG_WARN_ENUM_CONVERSION = YES;
				CLANG_WARN_INFINITE_RECURSION = YES;
				CLANG_WARN_INT_CONVERSION = YES;
				CLANG_WARN_NON_LITERAL_NULL_CONVERSION = YES;
				CLANG_WARN_OBJC_IMPLICIT_RETAIN_SELF = YES;
				CLANG_WARN_OBJC_LITERAL_CONVERSION = YES;
				CLANG_WARN_OBJC_ROOT_CLASS = YES_ERROR;
				CLANG_WARN_QUOTED_INCLUDE_IN_FRAMEWORK_HEADER = YES;
				CLANG_WARN_RANGE_LOOP_ANALYSIS = YES;
				CLANG_WARN_STRICT_PROTOTYPES = YES;
				CLANG_WARN_SUSPICIOUS_MOVE = YES;
				CLANG_WARN_UNGUARDED_AVAILABILITY = YES_AGGRESSIVE;
				CLANG_WARN_UNREACHABLE_CODE = YES;
				CLANG_WARN__DUPLICATE_METHOD_MATCH = YES;
				COPY_PHASE_STRIP = NO;
				DEBUG_INFORMATION_FORMAT = dwarf;
				ENABLE_STRICT_OBJC_MSGSEND = YES;
				ENABLE_TESTABILITY = YES;
				GCC_C_LANGUAGE_STANDARD = gnu11;
				GCC_DYNAMIC_NO_PIC = NO;
				GCC_NO_COMMON_BLOCKS = YES;
				GCC_OPTIMIZATION_LEVEL = 0;
				GCC_PREPROCESSOR_DEFINITIONS = (
					"DEBUG=1",
					"$(inherited)",
				);
				GCC_WARN_64_TO_32_BIT_CONVERSION = YES;
				GCC_WARN_ABOUT_RETURN_TYPE = YES_ERROR;
				GCC_WARN_UNDECLARED_SELECTOR = YES;
				GCC_WARN_UNINITIALIZED_AUTOS = YES_AGGRESSIVE;
				GCC_WARN_UNUSED_FUNCTION = YES;
				GCC_WARN_UNUSED_VARIABLE = YES;
				IPHONEOS_DEPLOYMENT_TARGET = 16.4;
				MTL_ENABLE_DEBUG_INFO = INCLUDE_SOURCE;
				MTL_FAST_MATH = YES;
				ONLY_ACTIVE_ARCH = YES;
				SDKROOT = iphoneos;
			};
			name = Debug;
		};
		5DC0894B2A3B3A41009F1788 /* Release */ = {
			isa = XCBuildConfiguration;
			buildSettings = {
				ALWAYS_SEARCH_USER_PATHS = NO;
				CLANG_ANALYZER_NONNULL = YES;
				CLANG_ANALYZER_NUMBER_OBJECT_CONVERSION = YES_AGGRESSIVE;
				CLANG_CXX_LANGUAGE_STANDARD = "gnu++20";
				CLANG_ENABLE_MODULES = YES;
				CLANG_ENABLE_OBJC_ARC = YES;
				CLANG_ENABLE_OBJC_WEAK = YES;
				CLANG_WARN_BLOCK_CAPTURE_AUTORELEASING = YES;
				CLANG_WARN_BOOL_CONVERSION = YES;
				CLANG_WARN_COMMA = YES;
				CLANG_WARN_CONSTANT_CONVERSION = YES;
				CLANG_WARN_DEPRECATED_OBJC_IMPLEMENTATIONS = YES;
				CLANG_WARN_DIRECT_OBJC_ISA_USAGE = YES_ERROR;
				CLANG_WARN_DOCUMENTATION_COMMENTS = YES;
				CLANG_WARN_EMPTY_BODY = YES;
				CLANG_WARN_ENUM_CONVERSION = YES;
				CLANG_WARN_INFINITE_RECURSION = YES;
				CLANG_WARN_INT_CONVERSION = YES;
				CLANG_WARN_NON_LITERAL_NULL_CONVERSION = YES;
				CLANG_WARN_OBJC_IMPLICIT_RETAIN_SELF = YES;
				CLANG_WARN_OBJC_LITERAL_CONVERSION = YES;
				CLANG_WARN_OBJC_ROOT_CLASS = YES_ERROR;
				CLANG_WARN_QUOTED_INCLUDE_IN_FRAMEWORK_HEADER = YES;
				CLANG_WARN_RANGE_LOOP_ANALYSIS = YES;
				CLANG_WARN_STRICT_PROTOTYPES = YES;
				CLANG_WARN_SUSPICIOUS_MOVE = YES;
				CLANG_WARN_UNGUARDED_AVAILABILITY = YES_AGGRESSIVE;
				CLANG_WARN_UNREACHABLE_CODE = YES;
				CLANG_WARN__DUPLICATE_METHOD_MATCH = YES;
				COPY_PHASE_STRIP = NO;
				DEBUG_INFORMATION_FORMAT = "dwarf-with-dsym";
				ENABLE_NS_ASSERTIONS = NO;
				ENABLE_STRICT_OBJC_MSGSEND = YES;
				GCC_C_LANGUAGE_STANDARD = gnu11;
				GCC_NO_COMMON_BLOCKS = YES;
				GCC_WARN_64_TO_32_BIT_CONVERSION = YES;
				GCC_WARN_ABOUT_RETURN_TYPE = YES_ERROR;
				GCC_WARN_UNDECLARED_SELECTOR = YES;
				GCC_WARN_UNINITIALIZED_AUTOS = YES_AGGRESSIVE;
				GCC_WARN_UNUSED_FUNCTION = YES;
				GCC_WARN_UNUSED_VARIABLE = YES;
				IPHONEOS_DEPLOYMENT_TARGET = 16.4;
				MTL_ENABLE_DEBUG_INFO = NO;
				MTL_FAST_MATH = YES;
				SDKROOT = iphoneos;
				VALIDATE_PRODUCT = YES;
			};
			name = Release;
		};
		5DC0894D2A3B3A41009F1788 /* Debug */ = {
			isa = XCBuildConfiguration;
			buildSettings = {
				ASSETCATALOG_COMPILER_APPICON_NAME = AppIcon;
				ASSETCATALOG_COMPILER_GLOBAL_ACCENT_COLOR_NAME = AccentColor;
				CODE_SIGN_STYLE = Automatic;
				CURRENT_PROJECT_VERSION = 1;
				DEVELOPMENT_TEAM = S8T2LWZ55D;
				GENERATE_INFOPLIST_FILE = YES;
				INFOPLIST_FILE = ThreadKeepAlivePro/Info.plist;
				INFOPLIST_KEY_UIApplicationSupportsIndirectInputEvents = YES;
				INFOPLIST_KEY_UILaunchStoryboardName = LaunchScreen;
				INFOPLIST_KEY_UIMainStoryboardFile = Main;
				INFOPLIST_KEY_UISupportedInterfaceOrientations_iPad = "UIInterfaceOrientationPortrait UIInterfaceOrientationPortraitUpsideDown UIInterfaceOrientationLandscapeLeft UIInterfaceOrientationLandscapeRight";
				INFOPLIST_KEY_UISupportedInterfaceOrientations_iPhone = "UIInterfaceOrientationPortrait UIInterfaceOrientationLandscapeLeft UIInterfaceOrientationLandscapeRight";
				LD_RUNPATH_SEARCH_PATHS = (
					"$(inherited)",
					"@executable_path/Frameworks",
				);
				MARKETING_VERSION = 1.0;
				PRODUCT_BUNDLE_IDENTIFIER = com.cfjia.ThreadKeepAlivePro;
				PRODUCT_NAME = "$(TARGET_NAME)";
				SWIFT_EMIT_LOC_STRINGS = YES;
				TARGETED_DEVICE_FAMILY = "1,2";
			};
			name = Debug;
		};
		5DC0894E2A3B3A41009F1788 /* Release */ = {
			isa = XCBuildConfiguration;
			buildSettings = {
				ASSETCATALOG_COMPILER_APPICON_NAME = AppIcon;
				ASSETCATALOG_COMPILER_GLOBAL_ACCENT_COLOR_NAME = AccentColor;
				CODE_SIGN_STYLE = Automatic;
				CURRENT_PROJECT_VERSION = 1;
				DEVELOPMENT_TEAM = S8T2LWZ55D;
				GENERATE_INFOPLIST_FILE = YES;
				INFOPLIST_FILE = ThreadKeepAlivePro/Info.plist;
				INFOPLIST_KEY_UIApplicationSupportsIndirectInputEvents = YES;
				INFOPLIST_KEY_UILaunchStoryboardName = LaunchScreen;
				INFOPLIST_KEY_UIMainStoryboardFile = Main;
				INFOPLIST_KEY_UISupportedInterfaceOrientations_iPad = "UIInterfaceOrientationPortrait UIInterfaceOrientationPortraitUpsideDown UIInterfaceOrientationLandscapeLeft UIInterfaceOrientationLandscapeRight";
				INFOPLIST_KEY_UISupportedInterfaceOrientations_iPhone = "UIInterfaceOrientationPortrait UIInterfaceOrientationLandscapeLeft UIInterfaceOrientationLandscapeRight";
				LD_RUNPATH_SEARCH_PATHS = (
					"$(inherited)",
					"@executable_path/Frameworks",
				);
				MARKETING_VERSION = 1.0;
				PRODUCT_BUNDLE_IDENTIFIER = com.cfjia.ThreadKeepAlivePro;
				PRODUCT_NAME = "$(TARGET_NAME)";
				SWIFT_EMIT_LOC_STRINGS = YES;
				TARGETED_DEVICE_FAMILY = "1,2";
			};
			name = Release;
		};
/* End XCBuildConfiguration section */

/* Begin XCConfigurationList section */
		5DC0892E2A3B3A3F009F1788 /* Build configuration list for PBXProject "ThreadKeepAlivePro" */ = {
			isa = XCConfigurationList;
			buildConfigurations = (
				5DC0894A2A3B3A41009F1788 /* Debug */,
				5DC0894B2A3B3A41009F1788 /* Release */,
			);
			defaultConfigurationIsVisible = 0;
			defaultConfigurationName = Release;
		};
		5DC0894C2A3B3A41009F1788 /* Build configuration list for PBXNativeTarget "ThreadKeepAlivePro" */ = {
			isa = XCConfigurationList;
			buildConfigurations = (
				5DC0894D2A3B3A41009F1788 /* Debug */,
				5DC0894E2A3B3A41009F1788 /* Release */,
			);
			defaultConfigurationIsVisible = 0;
			defaultConfigurationName = Release;
		};
/* End XCConfigurationList section */
	};
	rootObject = 5DC0892B2A3B3A3F009F1788 /* Project object */;
}
